
Microsoft Visual Studio Solution File, Format Version 12.00
# Visual Studio 14
VisualStudioVersion = 14.0.23107.0
MinimumVisualStudioVersion = 10.0.40219.1
Project("{FAE04EC0-301F-11D3-BF4B-00C04F79EFBC}") = "BinaryPasswords", "BinaryPasswords\BinaryPasswords.csproj", "{D1C82750-A13E-438C-813E-6AA260864120}"
EndProject
Project("{FAE04EC0-301F-11D3-BF4B-00C04F79EFBC}") = "ColoredRabbits", "ColoredRabbits\ColoredRabbits.csproj", "{3B95BD7A-A242-4E4C-A61D-D866CD7477B7}"
EndProject
Project("{FAE04EC0-301F-11D3-BF4B-00C04F79EFBC}") = "Divisors", "Divisors\Divisors.csproj", "{F625709D-CFBF-40F4-AAA8-BFA1681664D1}"
EndProject
Global
	GlobalSection(SolutionConfigurationPlatforms) = preSolution
		Debug|Any CPU = Debug|Any CPU
		Release|Any CPU = Release|Any CPU
	EndGlobalSection
	GlobalSection(ProjectConfigurationPlatforms) = postSolution
		{D1C82750-A13E-438C-813E-6AA260864120}.Debug|Any CPU.ActiveCfg = Debug|Any CPU
		{D1C82750-A13E-438C-813E-6AA260864120}.Debug|Any CPU.Build.0 = Debug|Any CPU
		{D1C82750-A13E-438C-813E-6AA260864120}.Release|Any CPU.ActiveCfg = Release|Any CPU
		{D1C82750-A13E-438C-813E-6AA260864120}.Release|Any CPU.Build.0 = Release|Any CPU
		{3B95BD7A-A242-4E4C-A61D-D866CD7477B7}.Debug|Any CPU.ActiveCfg = Debug|Any CPU
		{3B95BD7A-A242-4E4C-A61D-D866CD7477B7}.Debug|Any CPU.Build.0 = Debug|Any CPU
		{3B95BD7A-A242-4E4C-A61D-D866CD7477B7}.Release|Any CPU.ActiveCfg = Release|Any CPU
		{3B95BD7A-A242-4E4C-A61D-D866CD7477B7}.Release|Any CPU.Build.0 = Release|Any CPU
		{F625709D-CFBF-40F4-AAA8-BFA1681664D1}.Debug|Any CPU.ActiveCfg = Debug|Any CPU
		{F625709D-CFBF-40F4-AAA8-BFA1681664D1}.Debug|Any CPU.Build.0 = Debug|Any CPU
		{F625709D-CFBF-40F4-AAA8-BFA1681664D1}.Release|Any CPU.ActiveCfg = Release|Any CPU
		{F625709D-CFBF-40F4-AAA8-BFA1681664D1}.Release|Any CPU.Build.0 = Release|Any CPU
	EndGlobalSection
	GlobalSection(SolutionProperties) = preSolution
		HideSolutionNode = FALSE
	EndGlobalSection
EndGlobal
