
Microsoft Visual Studio Solution File, Format Version 12.00
# Visual Studio 14
VisualStudioVersion = 14.0.23107.0
MinimumVisualStudioVersion = 10.0.40219.1
Project("{FAE04EC0-301F-11D3-BF4B-00C04F79EFBC}") = "01. ElementsInList", "ElementsInList\01. ElementsInList.csproj", "{E0A3C3E4-DA74-4AC3-AB03-48F1B5838F9A}"
EndProject
Project("{FAE04EC0-301F-11D3-BF4B-00C04F79EFBC}") = "02. ReverseIntegersWithStack", "Stack\02. ReverseIntegersWithStack.csproj", "{1684750C-7212-41BD-97F0-604FCA70B5EB}"
EndProject
Project("{FAE04EC0-301F-11D3-BF4B-00C04F79EFBC}") = "03. SortNumbersWithList", "SortNumbersWithList\03. SortNumbersWithList.csproj", "{F2B5FBA7-FC8A-4FB2-BAE3-71AD16ADBD8F}"
EndProject
Project("{FAE04EC0-301F-11D3-BF4B-00C04F79EFBC}") = "04. LongestSubSequence", "LongestSubSequence\04. LongestSubSequence.csproj", "{01073269-3692-443E-87F6-D312F48B7EF2}"
EndProject
Project("{FAE04EC0-301F-11D3-BF4B-00C04F79EFBC}") = "04. LongestSubSequence.Tests", "LongestSubSequence.Te\04. LongestSubSequence.Tests.csproj", "{0E77E77A-7CED-4F35-8AD9-83F92107F298}"
EndProject
Project("{FAE04EC0-301F-11D3-BF4B-00C04F79EFBC}") = "05. NegativeNumbers", "NegativeNumbers\05. NegativeNumbers.csproj", "{23381951-72D2-4178-847A-390400083AFA}"
EndProject
Project("{FAE04EC0-301F-11D3-BF4B-00C04F79EFBC}") = "06. OddNumberOfTimes", "OddNumberOfTimes\06. OddNumberOfTimes.csproj", "{B6453375-3604-444A-AF47-724A860831FD}"
EndProject
Project("{FAE04EC0-301F-11D3-BF4B-00C04F79EFBC}") = "07. OcurancesesInAray", "OcurancesesInAray\07. OcurancesesInAray.csproj", "{2549FB61-3F16-41AF-954E-73DE79E28758}"
EndProject
Project("{FAE04EC0-301F-11D3-BF4B-00C04F79EFBC}") = "08. Mojorant", "Mojorant\08. Mojorant.csproj", "{69FB86B7-6299-4E59-8A0F-E83C950A57B4}"
EndProject
Project("{FAE04EC0-301F-11D3-BF4B-00C04F79EFBC}") = "09. First50Members", "First50Members\09. First50Members.csproj", "{739BBCB4-0776-445F-92CF-6F493029EC02}"
EndProject
Project("{FAE04EC0-301F-11D3-BF4B-00C04F79EFBC}") = "10. SequenceOfOperations", "SequenceOfOperations\10. SequenceOfOperations.csproj", "{253D083A-716D-4A06-9A35-CF92AE11B5FC}"
EndProject
Project("{FAE04EC0-301F-11D3-BF4B-00C04F79EFBC}") = "11. MyLinkedList", "MyLinkedList\11. MyLinkedList.csproj", "{B2B0FE34-2B73-41A2-A49D-84FEEABAE864}"
EndProject
Project("{FAE04EC0-301F-11D3-BF4B-00C04F79EFBC}") = "12. MyStack", "MyStack\12. MyStack.csproj", "{4864B0DE-9916-4AD5-A68A-1E6C2CB7892F}"
EndProject
Project("{FAE04EC0-301F-11D3-BF4B-00C04F79EFBC}") = "13. Queue", "MyQueue\13. Queue.csproj", "{7291983D-95B4-4A45-A7AA-CD2D750939E3}"
EndProject
Project("{FAE04EC0-301F-11D3-BF4B-00C04F79EFBC}") = "14. Labyrinth", "Labyrinth\14. Labyrinth.csproj", "{C94A1ADB-E37B-407A-97A7-D73BEA20F73A}"
EndProject
Global
	GlobalSection(SolutionConfigurationPlatforms) = preSolution
		Debug|Any CPU = Debug|Any CPU
		Debug|x86 = Debug|x86
		Release|Any CPU = Release|Any CPU
		Release|x86 = Release|x86
	EndGlobalSection
	GlobalSection(ProjectConfigurationPlatforms) = postSolution
		{E0A3C3E4-DA74-4AC3-AB03-48F1B5838F9A}.Debug|Any CPU.ActiveCfg = Debug|Any CPU
		{E0A3C3E4-DA74-4AC3-AB03-48F1B5838F9A}.Debug|Any CPU.Build.0 = Debug|Any CPU
		{E0A3C3E4-DA74-4AC3-AB03-48F1B5838F9A}.Debug|x86.ActiveCfg = Debug|Any CPU
		{E0A3C3E4-DA74-4AC3-AB03-48F1B5838F9A}.Debug|x86.Build.0 = Debug|Any CPU
		{E0A3C3E4-DA74-4AC3-AB03-48F1B5838F9A}.Release|Any CPU.ActiveCfg = Release|Any CPU
		{E0A3C3E4-DA74-4AC3-AB03-48F1B5838F9A}.Release|Any CPU.Build.0 = Release|Any CPU
		{E0A3C3E4-DA74-4AC3-AB03-48F1B5838F9A}.Release|x86.ActiveCfg = Release|Any CPU
		{E0A3C3E4-DA74-4AC3-AB03-48F1B5838F9A}.Release|x86.Build.0 = Release|Any CPU
		{1684750C-7212-41BD-97F0-604FCA70B5EB}.Debug|Any CPU.ActiveCfg = Debug|Any CPU
		{1684750C-7212-41BD-97F0-604FCA70B5EB}.Debug|Any CPU.Build.0 = Debug|Any CPU
		{1684750C-7212-41BD-97F0-604FCA70B5EB}.Debug|x86.ActiveCfg = Debug|Any CPU
		{1684750C-7212-41BD-97F0-604FCA70B5EB}.Debug|x86.Build.0 = Debug|Any CPU
		{1684750C-7212-41BD-97F0-604FCA70B5EB}.Release|Any CPU.ActiveCfg = Release|Any CPU
		{1684750C-7212-41BD-97F0-604FCA70B5EB}.Release|Any CPU.Build.0 = Release|Any CPU
		{1684750C-7212-41BD-97F0-604FCA70B5EB}.Release|x86.ActiveCfg = Release|Any CPU
		{1684750C-7212-41BD-97F0-604FCA70B5EB}.Release|x86.Build.0 = Release|Any CPU
		{F2B5FBA7-FC8A-4FB2-BAE3-71AD16ADBD8F}.Debug|Any CPU.ActiveCfg = Debug|Any CPU
		{F2B5FBA7-FC8A-4FB2-BAE3-71AD16ADBD8F}.Debug|Any CPU.Build.0 = Debug|Any CPU
		{F2B5FBA7-FC8A-4FB2-BAE3-71AD16ADBD8F}.Debug|x86.ActiveCfg = Debug|Any CPU
		{F2B5FBA7-FC8A-4FB2-BAE3-71AD16ADBD8F}.Debug|x86.Build.0 = Debug|Any CPU
		{F2B5FBA7-FC8A-4FB2-BAE3-71AD16ADBD8F}.Release|Any CPU.ActiveCfg = Release|Any CPU
		{F2B5FBA7-FC8A-4FB2-BAE3-71AD16ADBD8F}.Release|Any CPU.Build.0 = Release|Any CPU
		{F2B5FBA7-FC8A-4FB2-BAE3-71AD16ADBD8F}.Release|x86.ActiveCfg = Release|Any CPU
		{F2B5FBA7-FC8A-4FB2-BAE3-71AD16ADBD8F}.Release|x86.Build.0 = Release|Any CPU
		{01073269-3692-443E-87F6-D312F48B7EF2}.Debug|Any CPU.ActiveCfg = Debug|Any CPU
		{01073269-3692-443E-87F6-D312F48B7EF2}.Debug|Any CPU.Build.0 = Debug|Any CPU
		{01073269-3692-443E-87F6-D312F48B7EF2}.Debug|x86.ActiveCfg = Debug|Any CPU
		{01073269-3692-443E-87F6-D312F48B7EF2}.Debug|x86.Build.0 = Debug|Any CPU
		{01073269-3692-443E-87F6-D312F48B7EF2}.Release|Any CPU.ActiveCfg = Release|Any CPU
		{01073269-3692-443E-87F6-D312F48B7EF2}.Release|Any CPU.Build.0 = Release|Any CPU
		{01073269-3692-443E-87F6-D312F48B7EF2}.Release|x86.ActiveCfg = Release|Any CPU
		{01073269-3692-443E-87F6-D312F48B7EF2}.Release|x86.Build.0 = Release|Any CPU
		{0E77E77A-7CED-4F35-8AD9-83F92107F298}.Debug|Any CPU.ActiveCfg = Debug|Any CPU
		{0E77E77A-7CED-4F35-8AD9-83F92107F298}.Debug|Any CPU.Build.0 = Debug|Any CPU
		{0E77E77A-7CED-4F35-8AD9-83F92107F298}.Debug|x86.ActiveCfg = Debug|Any CPU
		{0E77E77A-7CED-4F35-8AD9-83F92107F298}.Debug|x86.Build.0 = Debug|Any CPU
		{0E77E77A-7CED-4F35-8AD9-83F92107F298}.Release|Any CPU.ActiveCfg = Release|Any CPU
		{0E77E77A-7CED-4F35-8AD9-83F92107F298}.Release|Any CPU.Build.0 = Release|Any CPU
		{0E77E77A-7CED-4F35-8AD9-83F92107F298}.Release|x86.ActiveCfg = Release|Any CPU
		{0E77E77A-7CED-4F35-8AD9-83F92107F298}.Release|x86.Build.0 = Release|Any CPU
		{23381951-72D2-4178-847A-390400083AFA}.Debug|Any CPU.ActiveCfg = Debug|Any CPU
		{23381951-72D2-4178-847A-390400083AFA}.Debug|Any CPU.Build.0 = Debug|Any CPU
		{23381951-72D2-4178-847A-390400083AFA}.Debug|x86.ActiveCfg = Debug|Any CPU
		{23381951-72D2-4178-847A-390400083AFA}.Debug|x86.Build.0 = Debug|Any CPU
		{23381951-72D2-4178-847A-390400083AFA}.Release|Any CPU.ActiveCfg = Release|Any CPU
		{23381951-72D2-4178-847A-390400083AFA}.Release|Any CPU.Build.0 = Release|Any CPU
		{23381951-72D2-4178-847A-390400083AFA}.Release|x86.ActiveCfg = Release|Any CPU
		{23381951-72D2-4178-847A-390400083AFA}.Release|x86.Build.0 = Release|Any CPU
		{B6453375-3604-444A-AF47-724A860831FD}.Debug|Any CPU.ActiveCfg = Debug|Any CPU
		{B6453375-3604-444A-AF47-724A860831FD}.Debug|Any CPU.Build.0 = Debug|Any CPU
		{B6453375-3604-444A-AF47-724A860831FD}.Debug|x86.ActiveCfg = Debug|Any CPU
		{B6453375-3604-444A-AF47-724A860831FD}.Debug|x86.Build.0 = Debug|Any CPU
		{B6453375-3604-444A-AF47-724A860831FD}.Release|Any CPU.ActiveCfg = Release|Any CPU
		{B6453375-3604-444A-AF47-724A860831FD}.Release|Any CPU.Build.0 = Release|Any CPU
		{B6453375-3604-444A-AF47-724A860831FD}.Release|x86.ActiveCfg = Release|Any CPU
		{B6453375-3604-444A-AF47-724A860831FD}.Release|x86.Build.0 = Release|Any CPU
		{2549FB61-3F16-41AF-954E-73DE79E28758}.Debug|Any CPU.ActiveCfg = Debug|Any CPU
		{2549FB61-3F16-41AF-954E-73DE79E28758}.Debug|Any CPU.Build.0 = Debug|Any CPU
		{2549FB61-3F16-41AF-954E-73DE79E28758}.Debug|x86.ActiveCfg = Debug|Any CPU
		{2549FB61-3F16-41AF-954E-73DE79E28758}.Debug|x86.Build.0 = Debug|Any CPU
		{2549FB61-3F16-41AF-954E-73DE79E28758}.Release|Any CPU.ActiveCfg = Release|Any CPU
		{2549FB61-3F16-41AF-954E-73DE79E28758}.Release|Any CPU.Build.0 = Release|Any CPU
		{2549FB61-3F16-41AF-954E-73DE79E28758}.Release|x86.ActiveCfg = Release|Any CPU
		{2549FB61-3F16-41AF-954E-73DE79E28758}.Release|x86.Build.0 = Release|Any CPU
		{69FB86B7-6299-4E59-8A0F-E83C950A57B4}.Debug|Any CPU.ActiveCfg = Debug|Any CPU
		{69FB86B7-6299-4E59-8A0F-E83C950A57B4}.Debug|Any CPU.Build.0 = Debug|Any CPU
		{69FB86B7-6299-4E59-8A0F-E83C950A57B4}.Debug|x86.ActiveCfg = Debug|Any CPU
		{69FB86B7-6299-4E59-8A0F-E83C950A57B4}.Debug|x86.Build.0 = Debug|Any CPU
		{69FB86B7-6299-4E59-8A0F-E83C950A57B4}.Release|Any CPU.ActiveCfg = Release|Any CPU
		{69FB86B7-6299-4E59-8A0F-E83C950A57B4}.Release|Any CPU.Build.0 = Release|Any CPU
		{69FB86B7-6299-4E59-8A0F-E83C950A57B4}.Release|x86.ActiveCfg = Release|Any CPU
		{69FB86B7-6299-4E59-8A0F-E83C950A57B4}.Release|x86.Build.0 = Release|Any CPU
		{739BBCB4-0776-445F-92CF-6F493029EC02}.Debug|Any CPU.ActiveCfg = Debug|Any CPU
		{739BBCB4-0776-445F-92CF-6F493029EC02}.Debug|Any CPU.Build.0 = Debug|Any CPU
		{739BBCB4-0776-445F-92CF-6F493029EC02}.Debug|x86.ActiveCfg = Debug|Any CPU
		{739BBCB4-0776-445F-92CF-6F493029EC02}.Debug|x86.Build.0 = Debug|Any CPU
		{739BBCB4-0776-445F-92CF-6F493029EC02}.Release|Any CPU.ActiveCfg = Release|Any CPU
		{739BBCB4-0776-445F-92CF-6F493029EC02}.Release|Any CPU.Build.0 = Release|Any CPU
		{739BBCB4-0776-445F-92CF-6F493029EC02}.Release|x86.ActiveCfg = Release|Any CPU
		{739BBCB4-0776-445F-92CF-6F493029EC02}.Release|x86.Build.0 = Release|Any CPU
		{253D083A-716D-4A06-9A35-CF92AE11B5FC}.Debug|Any CPU.ActiveCfg = Debug|Any CPU
		{253D083A-716D-4A06-9A35-CF92AE11B5FC}.Debug|Any CPU.Build.0 = Debug|Any CPU
		{253D083A-716D-4A06-9A35-CF92AE11B5FC}.Debug|x86.ActiveCfg = Debug|Any CPU
		{253D083A-716D-4A06-9A35-CF92AE11B5FC}.Debug|x86.Build.0 = Debug|Any CPU
		{253D083A-716D-4A06-9A35-CF92AE11B5FC}.Release|Any CPU.ActiveCfg = Release|Any CPU
		{253D083A-716D-4A06-9A35-CF92AE11B5FC}.Release|Any CPU.Build.0 = Release|Any CPU
		{253D083A-716D-4A06-9A35-CF92AE11B5FC}.Release|x86.ActiveCfg = Release|Any CPU
		{253D083A-716D-4A06-9A35-CF92AE11B5FC}.Release|x86.Build.0 = Release|Any CPU
		{B2B0FE34-2B73-41A2-A49D-84FEEABAE864}.Debug|Any CPU.ActiveCfg = Debug|Any CPU
		{B2B0FE34-2B73-41A2-A49D-84FEEABAE864}.Debug|Any CPU.Build.0 = Debug|Any CPU
		{B2B0FE34-2B73-41A2-A49D-84FEEABAE864}.Debug|x86.ActiveCfg = Debug|Any CPU
		{B2B0FE34-2B73-41A2-A49D-84FEEABAE864}.Debug|x86.Build.0 = Debug|Any CPU
		{B2B0FE34-2B73-41A2-A49D-84FEEABAE864}.Release|Any CPU.ActiveCfg = Release|Any CPU
		{B2B0FE34-2B73-41A2-A49D-84FEEABAE864}.Release|Any CPU.Build.0 = Release|Any CPU
		{B2B0FE34-2B73-41A2-A49D-84FEEABAE864}.Release|x86.ActiveCfg = Release|Any CPU
		{B2B0FE34-2B73-41A2-A49D-84FEEABAE864}.Release|x86.Build.0 = Release|Any CPU
		{4864B0DE-9916-4AD5-A68A-1E6C2CB7892F}.Debug|Any CPU.ActiveCfg = Debug|Any CPU
		{4864B0DE-9916-4AD5-A68A-1E6C2CB7892F}.Debug|Any CPU.Build.0 = Debug|Any CPU
		{4864B0DE-9916-4AD5-A68A-1E6C2CB7892F}.Debug|x86.ActiveCfg = Debug|Any CPU
		{4864B0DE-9916-4AD5-A68A-1E6C2CB7892F}.Debug|x86.Build.0 = Debug|Any CPU
		{4864B0DE-9916-4AD5-A68A-1E6C2CB7892F}.Release|Any CPU.ActiveCfg = Release|Any CPU
		{4864B0DE-9916-4AD5-A68A-1E6C2CB7892F}.Release|Any CPU.Build.0 = Release|Any CPU
		{4864B0DE-9916-4AD5-A68A-1E6C2CB7892F}.Release|x86.ActiveCfg = Release|Any CPU
		{4864B0DE-9916-4AD5-A68A-1E6C2CB7892F}.Release|x86.Build.0 = Release|Any CPU
		{7291983D-95B4-4A45-A7AA-CD2D750939E3}.Debug|Any CPU.ActiveCfg = Debug|Any CPU
		{7291983D-95B4-4A45-A7AA-CD2D750939E3}.Debug|Any CPU.Build.0 = Debug|Any CPU
		{7291983D-95B4-4A45-A7AA-CD2D750939E3}.Debug|x86.ActiveCfg = Debug|Any CPU
		{7291983D-95B4-4A45-A7AA-CD2D750939E3}.Debug|x86.Build.0 = Debug|Any CPU
		{7291983D-95B4-4A45-A7AA-CD2D750939E3}.Release|Any CPU.ActiveCfg = Release|Any CPU
		{7291983D-95B4-4A45-A7AA-CD2D750939E3}.Release|Any CPU.Build.0 = Release|Any CPU
		{7291983D-95B4-4A45-A7AA-CD2D750939E3}.Release|x86.ActiveCfg = Release|Any CPU
		{7291983D-95B4-4A45-A7AA-CD2D750939E3}.Release|x86.Build.0 = Release|Any CPU
		{C94A1ADB-E37B-407A-97A7-D73BEA20F73A}.Debug|Any CPU.ActiveCfg = Debug|Any CPU
		{C94A1ADB-E37B-407A-97A7-D73BEA20F73A}.Debug|Any CPU.Build.0 = Debug|Any CPU
		{C94A1ADB-E37B-407A-97A7-D73BEA20F73A}.Debug|x86.ActiveCfg = Debug|Any CPU
		{C94A1ADB-E37B-407A-97A7-D73BEA20F73A}.Debug|x86.Build.0 = Debug|Any CPU
		{C94A1ADB-E37B-407A-97A7-D73BEA20F73A}.Release|Any CPU.ActiveCfg = Release|Any CPU
		{C94A1ADB-E37B-407A-97A7-D73BEA20F73A}.Release|Any CPU.Build.0 = Release|Any CPU
		{C94A1ADB-E37B-407A-97A7-D73BEA20F73A}.Release|x86.ActiveCfg = Release|Any CPU
		{C94A1ADB-E37B-407A-97A7-D73BEA20F73A}.Release|x86.Build.0 = Release|Any CPU
	EndGlobalSection
	GlobalSection(SolutionProperties) = preSolution
		HideSolutionNode = FALSE
	EndGlobalSection
EndGlobal
